PODS:
  - MFMSPushNE (2.5.1)

DEPENDENCIES:
  - MFMSPushNE (from `https://maven-pub.mfms.ru/repository/maven-public/com/mfms/ios/push-ne/2.5.1/MFMSPushNE.podspec`)

EXTERNAL SOURCES:
  MFMSPushNE:
    :podspec: https://maven-pub.mfms.ru/repository/maven-public/com/mfms/ios/push-ne/2.5.1/MFMSPushNE.podspec

SPEC CHECKSUMS:
  MFMSPushNE: 39b33fd13f3c50270248c628220d9eaad611d707

PODFILE CHECKSUM: bedef9fd377178b5e94fb4829e3b30d66266c835

COCOAPODS: 1.10.2
